
Microsoft Visual Studio Solution File, Format Version 12.00
# Visual Studio Version 16
VisualStudioVersion = 16.0.29827.131
MinimumVisualStudioVersion = 10.0.40219.1
Project("{9A19103F-16F7-4668-BE54-9A1E7A4F7556}") = "IdentityApi", "IdentityMicroservice\IdentityApi.csproj", "{F31497F0-8BCF-4568-8094-DCF2073748BD}"
EndProject
Project("{9A19103F-16F7-4668-BE54-9A1E7A4F7556}") = "IdentityCore", "IdentityCore\IdentityCore.csproj", "{2494F759-AF18-42F9-8C84-F3BA61E52622}"
EndProject
Project("{9A19103F-16F7-4668-BE54-9A1E7A4F7556}") = "IdentityInfrastructure", "IdentityInfrastructure\IdentityInfrastructure.csproj", "{187EEC5B-6032-4B58-AEAC-C40CF14A06E7}"
EndProject
Project("{E53339B2-1760-4266-BCC7-CA923CBCF16C}") = "docker-compose", "docker-compose.dcproj", "{6174CEC9-B264-4756-9023-9EE2D79984E9}"
EndProject
Global
	GlobalSection(SolutionConfigurationPlatforms) = preSolution
		Debug|Any CPU = Debug|Any CPU
		Release|Any CPU = Release|Any CPU
	EndGlobalSection
	GlobalSection(ProjectConfigurationPlatforms) = postSolution
		{F31497F0-8BCF-4568-8094-DCF2073748BD}.Debug|Any CPU.ActiveCfg = Debug|Any CPU
		{F31497F0-8BCF-4568-8094-DCF2073748BD}.Debug|Any CPU.Build.0 = Debug|Any CPU
		{F31497F0-8BCF-4568-8094-DCF2073748BD}.Release|Any CPU.ActiveCfg = Release|Any CPU
		{F31497F0-8BCF-4568-8094-DCF2073748BD}.Release|Any CPU.Build.0 = Release|Any CPU
		{2494F759-AF18-42F9-8C84-F3BA61E52622}.Debug|Any CPU.ActiveCfg = Debug|Any CPU
		{2494F759-AF18-42F9-8C84-F3BA61E52622}.Debug|Any CPU.Build.0 = Debug|Any CPU
		{2494F759-AF18-42F9-8C84-F3BA61E52622}.Release|Any CPU.ActiveCfg = Release|Any CPU
		{2494F759-AF18-42F9-8C84-F3BA61E52622}.Release|Any CPU.Build.0 = Release|Any CPU
		{187EEC5B-6032-4B58-AEAC-C40CF14A06E7}.Debug|Any CPU.ActiveCfg = Debug|Any CPU
		{187EEC5B-6032-4B58-AEAC-C40CF14A06E7}.Debug|Any CPU.Build.0 = Debug|Any CPU
		{187EEC5B-6032-4B58-AEAC-C40CF14A06E7}.Release|Any CPU.ActiveCfg = Release|Any CPU
		{187EEC5B-6032-4B58-AEAC-C40CF14A06E7}.Release|Any CPU.Build.0 = Release|Any CPU
		{6174CEC9-B264-4756-9023-9EE2D79984E9}.Debug|Any CPU.ActiveCfg = Debug|Any CPU
		{6174CEC9-B264-4756-9023-9EE2D79984E9}.Debug|Any CPU.Build.0 = Debug|Any CPU
		{6174CEC9-B264-4756-9023-9EE2D79984E9}.Release|Any CPU.ActiveCfg = Release|Any CPU
		{6174CEC9-B264-4756-9023-9EE2D79984E9}.Release|Any CPU.Build.0 = Release|Any CPU
	EndGlobalSection
	GlobalSection(SolutionProperties) = preSolution
		HideSolutionNode = FALSE
	EndGlobalSection
	GlobalSection(ExtensibilityGlobals) = postSolution
		SolutionGuid = {FF218655-6149-4D33-887C-D42A4713C377}
	EndGlobalSection
EndGlobal
